
Microsoft Visual Studio Solution File, Format Version 12.00
# Visual Studio Version 17
VisualStudioVersion = 17.4.33213.308
MinimumVisualStudioVersion = 10.0.40219.1
Project("{FAE04EC0-301F-11D3-BF4B-00C04F79EFBC}") = "Reflection", "Reflection.csproj", "{B7DAF653-F6D8-4250-8606-BF3402144193}"
EndProject
Global
	GlobalSection(SolutionConfigurationPlatforms) = preSolution
		Debug|Any CPU = Debug|Any CPU
		Release|Any CPU = Release|Any CPU
	EndGlobalSection
	GlobalSection(ProjectConfigurationPlatforms) = postSolution
		{B7DAF653-F6D8-4250-8606-BF3402144193}.Debug|Any CPU.ActiveCfg = Debug|Any CPU
		{B7DAF653-F6D8-4250-8606-BF3402144193}.Debug|Any CPU.Build.0 = Debug|Any CPU
		{B7DAF653-F6D8-4250-8606-BF3402144193}.Release|Any CPU.ActiveCfg = Release|Any CPU
		{B7DAF653-F6D8-4250-8606-BF3402144193}.Release|Any CPU.Build.0 = Release|Any CPU
	EndGlobalSection
	GlobalSection(SolutionProperties) = preSolution
		HideSolutionNode = FALSE
	EndGlobalSection
	GlobalSection(ExtensibilityGlobals) = postSolution
		SolutionGuid = {13DF6235-63EE-43B1-8B98-7A9BD148FC0E}
	EndGlobalSection
EndGlobal
