
Microsoft Visual Studio Solution File, Format Version 12.00
# Visual Studio Version 17
VisualStudioVersion = 17.4.33213.308
MinimumVisualStudioVersion = 10.0.40219.1
Project("{FAE04EC0-301F-11D3-BF4B-00C04F79EFBC}") = "OutReference", "OutReference.csproj", "{D9070366-EECD-45A1-BE36-7E93FCC9B1D8}"
EndProject
Global
	GlobalSection(SolutionConfigurationPlatforms) = preSolution
		Debug|Any CPU = Debug|Any CPU
		Release|Any CPU = Release|Any CPU
	EndGlobalSection
	GlobalSection(ProjectConfigurationPlatforms) = postSolution
		{D9070366-EECD-45A1-BE36-7E93FCC9B1D8}.Debug|Any CPU.ActiveCfg = Debug|Any CPU
		{D9070366-EECD-45A1-BE36-7E93FCC9B1D8}.Debug|Any CPU.Build.0 = Debug|Any CPU
		{D9070366-EECD-45A1-BE36-7E93FCC9B1D8}.Release|Any CPU.ActiveCfg = Release|Any CPU
		{D9070366-EECD-45A1-BE36-7E93FCC9B1D8}.Release|Any CPU.Build.0 = Release|Any CPU
	EndGlobalSection
	GlobalSection(SolutionProperties) = preSolution
		HideSolutionNode = FALSE
	EndGlobalSection
	GlobalSection(ExtensibilityGlobals) = postSolution
		SolutionGuid = {C8E714B3-AA9C-44A4-A7FF-AA59A627D782}
	EndGlobalSection
EndGlobal
