
Microsoft Visual Studio Solution File, Format Version 12.00
# Visual Studio Version 17
VisualStudioVersion = 17.5.33502.453
MinimumVisualStudioVersion = 10.0.40219.1
Project("{9A19103F-16F7-4668-BE54-9A1E7A4F7556}") = "ReflcetionAppWithSDK", "ReflcetionAppWithSDK.csproj", "{43C21CF1-6BF0-4A0B-9C3B-39A55A802A2F}"
EndProject
Project("{FAE04EC0-301F-11D3-BF4B-00C04F79EFBC}") = "Outfits.SDK", "..\Outfits.SDK\Outfits.SDK.csproj", "{7C6FA046-ACB8-48FD-9305-D42AF0064DA8}"
EndProject
Global
	GlobalSection(SolutionConfigurationPlatforms) = preSolution
		Debug|Any CPU = Debug|Any CPU
		Release|Any CPU = Release|Any CPU
	EndGlobalSection
	GlobalSection(ProjectConfigurationPlatforms) = postSolution
		{43C21CF1-6BF0-4A0B-9C3B-39A55A802A2F}.Debug|Any CPU.ActiveCfg = Debug|Any CPU
		{43C21CF1-6BF0-4A0B-9C3B-39A55A802A2F}.Debug|Any CPU.Build.0 = Debug|Any CPU
		{43C21CF1-6BF0-4A0B-9C3B-39A55A802A2F}.Release|Any CPU.ActiveCfg = Release|Any CPU
		{43C21CF1-6BF0-4A0B-9C3B-39A55A802A2F}.Release|Any CPU.Build.0 = Release|Any CPU
		{7C6FA046-ACB8-48FD-9305-D42AF0064DA8}.Debug|Any CPU.ActiveCfg = Debug|Any CPU
		{7C6FA046-ACB8-48FD-9305-D42AF0064DA8}.Debug|Any CPU.Build.0 = Debug|Any CPU
		{7C6FA046-ACB8-48FD-9305-D42AF0064DA8}.Release|Any CPU.ActiveCfg = Release|Any CPU
		{7C6FA046-ACB8-48FD-9305-D42AF0064DA8}.Release|Any CPU.Build.0 = Release|Any CPU
	EndGlobalSection
	GlobalSection(SolutionProperties) = preSolution
		HideSolutionNode = FALSE
	EndGlobalSection
	GlobalSection(ExtensibilityGlobals) = postSolution
		SolutionGuid = {044A16BC-CDE4-4B4F-AB75-086942A3B52B}
	EndGlobalSection
EndGlobal
