
Microsoft Visual Studio Solution File, Format Version 12.00
# Visual Studio Version 17
VisualStudioVersion = 17.4.33213.308
MinimumVisualStudioVersion = 10.0.40219.1
Project("{FAE04EC0-301F-11D3-BF4B-00C04F79EFBC}") = "Override", "Override.csproj", "{1DD45B57-09C1-463A-9B72-74854BD74633}"
EndProject
Global
	GlobalSection(SolutionConfigurationPlatforms) = preSolution
		Debug|Any CPU = Debug|Any CPU
		Release|Any CPU = Release|Any CPU
	EndGlobalSection
	GlobalSection(ProjectConfigurationPlatforms) = postSolution
		{1DD45B57-09C1-463A-9B72-74854BD74633}.Debug|Any CPU.ActiveCfg = Debug|Any CPU
		{1DD45B57-09C1-463A-9B72-74854BD74633}.Debug|Any CPU.Build.0 = Debug|Any CPU
		{1DD45B57-09C1-463A-9B72-74854BD74633}.Release|Any CPU.ActiveCfg = Release|Any CPU
		{1DD45B57-09C1-463A-9B72-74854BD74633}.Release|Any CPU.Build.0 = Release|Any CPU
	EndGlobalSection
	GlobalSection(SolutionProperties) = preSolution
		HideSolutionNode = FALSE
	EndGlobalSection
	GlobalSection(ExtensibilityGlobals) = postSolution
		SolutionGuid = {33BA6357-CFBC-4327-A04C-DB1BA2036393}
	EndGlobalSection
EndGlobal
