
Microsoft Visual Studio Solution File, Format Version 12.00
# Visual Studio Version 17
VisualStudioVersion = 17.4.33213.308
MinimumVisualStudioVersion = 10.0.40219.1
Project("{FAE04EC0-301F-11D3-BF4B-00C04F79EFBC}") = "Hanoi", "Hanoi.csproj", "{AEABD064-C8B0-4AD9-BA5A-8FBCBCA46514}"
EndProject
Global
	GlobalSection(SolutionConfigurationPlatforms) = preSolution
		Debug|Any CPU = Debug|Any CPU
		Release|Any CPU = Release|Any CPU
	EndGlobalSection
	GlobalSection(ProjectConfigurationPlatforms) = postSolution
		{AEABD064-C8B0-4AD9-BA5A-8FBCBCA46514}.Debug|Any CPU.ActiveCfg = Debug|Any CPU
		{AEABD064-C8B0-4AD9-BA5A-8FBCBCA46514}.Debug|Any CPU.Build.0 = Debug|Any CPU
		{AEABD064-C8B0-4AD9-BA5A-8FBCBCA46514}.Release|Any CPU.ActiveCfg = Release|Any CPU
		{AEABD064-C8B0-4AD9-BA5A-8FBCBCA46514}.Release|Any CPU.Build.0 = Release|Any CPU
	EndGlobalSection
	GlobalSection(SolutionProperties) = preSolution
		HideSolutionNode = FALSE
	EndGlobalSection
	GlobalSection(ExtensibilityGlobals) = postSolution
		SolutionGuid = {363FF68A-07FD-4B6B-BE6E-FB0431506076}
	EndGlobalSection
EndGlobal
