
Microsoft Visual Studio Solution File, Format Version 12.00
# Visual Studio Version 17
VisualStudioVersion = 17.4.33213.308
MinimumVisualStudioVersion = 10.0.40219.1
Project("{FAE04EC0-301F-11D3-BF4B-00C04F79EFBC}") = "Constructor", "Constructor.csproj", "{297EAB51-A72C-49A8-9946-CE7DC92F3AAF}"
EndProject
Global
	GlobalSection(SolutionConfigurationPlatforms) = preSolution
		Debug|Any CPU = Debug|Any CPU
		Release|Any CPU = Release|Any CPU
	EndGlobalSection
	GlobalSection(ProjectConfigurationPlatforms) = postSolution
		{297EAB51-A72C-49A8-9946-CE7DC92F3AAF}.Debug|Any CPU.ActiveCfg = Debug|Any CPU
		{297EAB51-A72C-49A8-9946-CE7DC92F3AAF}.Debug|Any CPU.Build.0 = Debug|Any CPU
		{297EAB51-A72C-49A8-9946-CE7DC92F3AAF}.Release|Any CPU.ActiveCfg = Release|Any CPU
		{297EAB51-A72C-49A8-9946-CE7DC92F3AAF}.Release|Any CPU.Build.0 = Release|Any CPU
	EndGlobalSection
	GlobalSection(SolutionProperties) = preSolution
		HideSolutionNode = FALSE
	EndGlobalSection
	GlobalSection(ExtensibilityGlobals) = postSolution
		SolutionGuid = {1FD8370D-7646-4C54-A34E-94C18BAB123C}
	EndGlobalSection
EndGlobal
